// !$*UTF8*$!
{
	archiveVersion = 1;
	classes = {
	};
	objectVersion = 50;
	objects = {

/* Begin PBXBuildFile section */
		3BF42D1176CF373D66791726 /* Pods_Tindog.framework in Frameworks */ = {isa = PBXBuildFile; fileRef = 98A9F91532C76517BD4B547D /* Pods_Tindog.framework */; };
		535010C720E382AD00F7AC0A /* HomeViewController.swift in Sources */ = {isa = PBXBuildFile; fileRef = 535010C620E382AD00F7AC0A /* HomeViewController.swift */; };
		536BB10320E21E1800BCEEF9 /* AppDelegate.swift in Sources */ = {isa = PBXBuildFile; fileRef = 536BB10220E21E1800BCEEF9 /* AppDelegate.swift */; };
		536BB10820E21E1800BCEEF9 /* Main.storyboard in Resources */ = {isa = PBXBuildFile; fileRef = 536BB10620E21E1800BCEEF9 /* Main.storyboard */; };
		536BB10A20E21E1A00BCEEF9 /* Assets.xcassets in Resources */ = {isa = PBXBuildFile; fileRef = 536BB10920E21E1A00BCEEF9 /* Assets.xcassets */; };
		536BB10D20E21E1A00BCEEF9 /* LaunchScreen.storyboard in Resources */ = {isa = PBXBuildFile; fileRef = 536BB10B20E21E1A00BCEEF9 /* LaunchScreen.storyboard */; };
/* End PBXBuildFile section */

/* Begin PBXFileReference section */
		535010C620E382AD00F7AC0A /* HomeViewController.swift */ = {isa = PBXFileReference; lastKnownFileType = sourcecode.swift; path = HomeViewController.swift; sourceTree = "<group>"; };
		536BB0FF20E21E1800BCEEF9 /* Tindog.app */ = {isa = PBXFileReference; explicitFileType = wrapper.application; includeInIndex = 0; path = Tindog.app; sourceTree = BUILT_PRODUCTS_DIR; };
		536BB10220E21E1800BCEEF9 /* AppDelegate.swift */ = {isa = PBXFileReference; lastKnownFileType = sourcecode.swift; path = AppDelegate.swift; sourceTree = "<group>"; };
		536BB10720E21E1800BCEEF9 /* Base */ = {isa = PBXFileReference; lastKnownFileType = file.storyboard; name = Base; path = Base.lproj/Main.storyboard; sourceTree = "<group>"; };
		536BB10920E21E1A00BCEEF9 /* Assets.xcassets */ = {isa = PBXFileReference; lastKnownFileType = folder.assetcatalog; path = Assets.xcassets; sourceTree = "<group>"; };
		536BB10C20E21E1A00BCEEF9 /* Base */ = {isa = PBXFileReference; lastKnownFileType = file.storyboard; name = Base; path = Base.lproj/LaunchScreen.storyboard; sourceTree = "<group>"; };
		536BB10E20E21E1A00BCEEF9 /* Info.plist */ = {isa = PBXFileReference; lastKnownFileType = text.plist.xml; path = Info.plist; sourceTree = "<group>"; };
		8DBABD496FD63BDAC0477B98 /* Pods-Tindog.debug.xcconfig */ = {isa = PBXFileReference; includeInIndex = 1; lastKnownFileType = text.xcconfig; name = "Pods-Tindog.debug.xcconfig"; path = "Pods/Target Support Files/Pods-Tindog/Pods-Tindog.debug.xcconfig"; sourceTree = "<group>"; };
		98A9F91532C76517BD4B547D /* Pods_Tindog.framework */ = {isa = PBXFileReference; explicitFileType = wrapper.framework; includeInIndex = 0; path = Pods_Tindog.framework; sourceTree = BUILT_PRODUCTS_DIR; };
		B7888A0D57C03039A25A3FDA /* Pods-Tindog.release.xcconfig */ = {isa = PBXFileReference; includeInIndex = 1; lastKnownFileType = text.xcconfig; name = "Pods-Tindog.release.xcconfig"; path = "Pods/Target Support Files/Pods-Tindog/Pods-Tindog.release.xcconfig"; sourceTree = "<group>"; };
/* End PBXFileReference section */

/* Begin PBXFrameworksBuildPhase section */
		536BB0FC20E21E1800BCEEF9 /* Frameworks */ = {
			isa = PBXFrameworksBuildPhase;
			buildActionMask = 2147483647;
			files = (
				3BF42D1176CF373D66791726 /* Pods_Tindog.framework in Frameworks */,
			);
			runOnlyForDeploymentPostprocessing = 0;
		};
/* End PBXFrameworksBuildPhase section */

/* Begin PBXGroup section */
		535010C520E3825700F7AC0A /* Controllers */ = {
			isa = PBXGroup;
			children = (
				535010C620E382AD00F7AC0A /* HomeViewController.swift */,
			);
			path = Controllers;
			sourceTree = "<group>";
		};
		536BB0F620E21E1800BCEEF9 = {
			isa = PBXGroup;
			children = (
				536BB10120E21E1800BCEEF9 /* Tindog */,
				536BB10020E21E1800BCEEF9 /* Products */,
				58E059079831826E94860CDD /* Pods */,
				78BED764ADB04482BCD290E0 /* Frameworks */,
			);
			sourceTree = "<group>";
		};
		536BB10020E21E1800BCEEF9 /* Products */ = {
			isa = PBXGroup;
			children = (
				536BB0FF20E21E1800BCEEF9 /* Tindog.app */,
			);
			name = Products;
			sourceTree = "<group>";
		};
		536BB10120E21E1800BCEEF9 /* Tindog */ = {
			isa = PBXGroup;
			children = (
				535010C520E3825700F7AC0A /* Controllers */,
				536BB10220E21E1800BCEEF9 /* AppDelegate.swift */,
				536BB10620E21E1800BCEEF9 /* Main.storyboard */,
				536BB10920E21E1A00BCEEF9 /* Assets.xcassets */,
				536BB10B20E21E1A00BCEEF9 /* LaunchScreen.storyboard */,
				536BB10E20E21E1A00BCEEF9 /* Info.plist */,
			);
			path = Tindog;
			sourceTree = "<group>";
		};
		58E059079831826E94860CDD /* Pods */ = {
			isa = PBXGroup;
			children = (
				8DBABD496FD63BDAC0477B98 /* Pods-Tindog.debug.xcconfig */,
				B7888A0D57C03039A25A3FDA /* Pods-Tindog.release.xcconfig */,
			);
			name = Pods;
			sourceTree = "<group>";
		};
		78BED764ADB04482BCD290E0 /* Frameworks */ = {
			isa = PBXGroup;
			children = (
				98A9F91532C76517BD4B547D /* Pods_Tindog.framework */,
			);
			name = Frameworks;
			sourceTree = "<group>";
		};
/* End PBXGroup section */

/* Begin PBXNativeTarget section */
		536BB0FE20E21E1800BCEEF9 /* Tindog */ = {
			isa = PBXNativeTarget;
			buildConfigurationList = 536BB11120E21E1A00BCEEF9 /* Build configuration list for PBXNativeTarget "Tindog" */;
			buildPhases = (
				536EF7565454FCDFA8547127 /* [CP] Check Pods Manifest.lock */,
				536BB0FB20E21E1800BCEEF9 /* Sources */,
				536BB0FC20E21E1800BCEEF9 /* Frameworks */,
				536BB0FD20E21E1800BCEEF9 /* Resources */,
				5BA76DE4EF24BE2C88BBCBE2 /* [CP] Embed Pods Frameworks */,
			);
			buildRules = (
			);
			dependencies = (
			);
			name = Tindog;
			productName = Tindog;
			productReference = 536BB0FF20E21E1800BCEEF9 /* Tindog.app */;
			productType = "com.apple.product-type.application";
		};
/* End PBXNativeTarget section */

/* Begin PBXProject section */
		536BB0F720E21E1800BCEEF9 /* Project object */ = {
			isa = PBXProject;
			attributes = {
				LastSwiftUpdateCheck = 1000;
				LastUpgradeCheck = 1000;
				ORGANIZATIONNAME = "Parets Design";
				TargetAttributes = {
					536BB0FE20E21E1800BCEEF9 = {
						CreatedOnToolsVersion = 10.0;
					};
				};
			};
			buildConfigurationList = 536BB0FA20E21E1800BCEEF9 /* Build configuration list for PBXProject "Tindog" */;
			compatibilityVersion = "Xcode 9.3";
			developmentRegion = en;
			hasScannedForEncodings = 0;
			knownRegions = (
				en,
				Base,
			);
			mainGroup = 536BB0F620E21E1800BCEEF9;
			productRefGroup = 536BB10020E21E1800BCEEF9 /* Products */;
			projectDirPath = "";
			projectRoot = "";
			targets = (
				536BB0FE20E21E1800BCEEF9 /* Tindog */,
			);
		};
/* End PBXProject section */

/* Begin PBXResourcesBuildPhase section */
		536BB0FD20E21E1800BCEEF9 /* Resources */ = {
			isa = PBXResourcesBuildPhase;
			buildActionMask = 2147483647;
			files = (
				536BB10D20E21E1A00BCEEF9 /* LaunchScreen.storyboard in Resources */,
				536BB10A20E21E1A00BCEEF9 /* Assets.xcassets in Resources */,
				536BB10820E21E1800BCEEF9 /* Main.storyboard in Resources */,
			);
			runOnlyForDeploymentPostprocessing = 0;
		};
/* End PBXResourcesBuildPhase section */

/* Begin PBXShellScriptBuildPhase section */
		536EF7565454FCDFA8547127 /* [CP] Check Pods Manifest.lock */ = {
			isa = PBXShellScriptBuildPhase;
			buildActionMask = 2147483647;
			files = (
			);
			inputPaths = (
				"${PODS_PODFILE_DIR_PATH}/Podfile.lock",
				"${PODS_ROOT}/Manifest.lock",
			);
			name = "[CP] Check Pods Manifest.lock";
			outputPaths = (
				"$(DERIVED_FILE_DIR)/Pods-Tindog-checkManifestLockResult.txt",
			);
			runOnlyForDeploymentPostprocessing = 0;
			shellPath = /bin/sh;
			shellScript = "diff \"${PODS_PODFILE_DIR_PATH}/Podfile.lock\" \"${PODS_ROOT}/Manifest.lock\" > /dev/null\nif [ $? != 0 ] ; then\n    # print error to STDERR\n    echo \"error: The sandbox is not in sync with the Podfile.lock. Run 'pod install' or update your CocoaPods installation.\" >&2\n    exit 1\nfi\n# This output is used by Xcode 'outputs' to avoid re-running this script phase.\necho \"SUCCESS\" > \"${SCRIPT_OUTPUT_FILE_0}\"\n";
			showEnvVarsInLog = 0;
		};
		5BA76DE4EF24BE2C88BBCBE2 /* [CP] Embed Pods Frameworks */ = {
			isa = PBXShellScriptBuildPhase;
			buildActionMask = 2147483647;
			files = (
			);
			inputPaths = (
				"${SRCROOT}/Pods/Target Support Files/Pods-Tindog/Pods-Tindog-frameworks.sh",
				"${BUILT_PRODUCTS_DIR}/RevealingSplashView/RevealingSplashView.framework",
			);
			name = "[CP] Embed Pods Frameworks";
			outputPaths = (
				"${TARGET_BUILD_DIR}/${FRAMEWORKS_FOLDER_PATH}/RevealingSplashView.framework",
			);
			runOnlyForDeploymentPostprocessing = 0;
			shellPath = /bin/sh;
			shellScript = "\"${SRCROOT}/Pods/Target Support Files/Pods-Tindog/Pods-Tindog-frameworks.sh\"\n";
			showEnvVarsInLog = 0;
		};
/* End PBXShellScriptBuildPhase section */

/* Begin PBXSourcesBuildPhase section */
		536BB0FB20E21E1800BCEEF9 /* Sources */ = {
			isa = PBXSourcesBuildPhase;
			buildActionMask = 2147483647;
			files = (
				536BB10320E21E1800BCEEF9 /* AppDelegate.swift in Sources */,
				535010C720E382AD00F7AC0A /* HomeViewController.swift in Sources */,
			);
			runOnlyForDeploymentPostprocessing = 0;
		};
/* End PBXSourcesBuildPhase section */

/* Begin PBXVariantGroup section */
		536BB10620E21E1800BCEEF9 /* Main.storyboard */ = {
			isa = PBXVariantGroup;
			children = (
				536BB10720E21E1800BCEEF9 /* Base */,
			);
			name = Main.storyboard;
			sourceTree = "<group>";
		};
		536BB10B20E21E1A00BCEEF9 /* LaunchScreen.storyboard */ = {
			isa = PBXVariantGroup;
			children = (
				536BB10C20E21E1A00BCEEF9 /* Base */,
			);
			name = LaunchScreen.storyboard;
			sourceTree = "<group>";
		};
/* End PBXVariantGroup section */

/* Begin XCBuildConfiguration section */
		536BB10F20E21E1A00BCEEF9 /* Debug */ = {
			isa = XCBuildConfiguration;
			buildSettings = {
				ALWAYS_SEARCH_USER_PATHS = NO;
				CLANG_ANALYZER_NONNULL = YES;
				CLANG_ANALYZER_NUMBER_OBJECT_CONVERSION = YES_AGGRESSIVE;
				CLANG_CXX_LANGUAGE_STANDARD = "gnu++14";
				CLANG_CXX_LIBRARY = "libc++";
				CLANG_ENABLE_MODULES = YES;
				CLANG_ENABLE_OBJC_ARC = YES;
				CLANG_ENABLE_OBJC_WEAK = YES;
				CLANG_WARN_BLOCK_CAPTURE_AUTORELEASING = YES;
				CLANG_WARN_BOOL_CONVERSION = YES;
				CLANG_WARN_COMMA = YES;
				CLANG_WARN_CONSTANT_CONVERSION = YES;
				CLANG_WARN_DEPRECATED_OBJC_IMPLEMENTATIONS = YES;
				CLANG_WARN_DIRECT_OBJC_ISA_USAGE = YES_ERROR;
				CLANG_WARN_DOCUMENTATION_COMMENTS = YES;
				CLANG_WARN_EMPTY_BODY = YES;
				CLANG_WARN_ENUM_CONVERSION = YES;
				CLANG_WARN_INFINITE_RECURSION = YES;
				CLANG_WARN_INT_CONVERSION = YES;
				CLANG_WARN_NON_LITERAL_NULL_CONVERSION = YES;
				CLANG_WARN_OBJC_IMPLICIT_RETAIN_SELF = YES;
				CLANG_WARN_OBJC_LITERAL_CONVERSION = YES;
				CLANG_WARN_OBJC_ROOT_CLASS = YES_ERROR;
				CLANG_WARN_RANGE_LOOP_ANALYSIS = YES;
				CLANG_WARN_STRICT_PROTOTYPES = YES;
				CLANG_WARN_SUSPICIOUS_MOVE = YES;
				CLANG_WARN_UNGUARDED_AVAILABILITY = YES_AGGRESSIVE;
				CLANG_WARN_UNREACHABLE_CODE = YES;
				CLANG_WARN__DUPLICATE_METHOD_MATCH = YES;
				CODE_SIGN_IDENTITY = "iPhone Developer";
				COPY_PHASE_STRIP = NO;
				DEBUG_INFORMATION_FORMAT = dwarf;
				ENABLE_STRICT_OBJC_MSGSEND = YES;
				ENABLE_TESTABILITY = YES;
				GCC_C_LANGUAGE_STANDARD = gnu11;
				GCC_DYNAMIC_NO_PIC = NO;
				GCC_NO_COMMON_BLOCKS = YES;
				GCC_OPTIMIZATION_LEVEL = 0;
				GCC_PREPROCESSOR_DEFINITIONS = (
					"DEBUG=1",
					"$(inherited)",
				);
				GCC_WARN_64_TO_32_BIT_CONVERSION = YES;
				GCC_WARN_ABOUT_RETURN_TYPE = YES_ERROR;
				GCC_WARN_UNDECLARED_SELECTOR = YES;
				GCC_WARN_UNINITIALIZED_AUTOS = YES_AGGRESSIVE;
				GCC_WARN_UNUSED_FUNCTION = YES;
				GCC_WARN_UNUSED_VARIABLE = YES;
				IPHONEOS_DEPLOYMENT_TARGET = 11.2;
				MTL_ENABLE_DEBUG_INFO = INCLUDE_SOURCE;
				ONLY_ACTIVE_ARCH = YES;
				SDKROOT = iphoneos;
				SWIFT_ACTIVE_COMPILATION_CONDITIONS = DEBUG;
				SWIFT_OPTIMIZATION_LEVEL = "-Onone";
			};
			name = Debug;
		};
		536BB11020E21E1A00BCEEF9 /* Release */ = {
			isa = XCBuildConfiguration;
			buildSettings = {
				ALWAYS_SEARCH_USER_PATHS = NO;
				CLANG_ANALYZER_NONNULL = YES;
				CLANG_ANALYZER_NUMBER_OBJECT_CONVERSION = YES_AGGRESSIVE;
				CLANG_CXX_LANGUAGE_STANDARD = "gnu++14";
				CLANG_CXX_LIBRARY = "libc++";
				CLANG_ENABLE_MODULES = YES;
				CLANG_ENABLE_OBJC_ARC = YES;
				CLANG_ENABLE_OBJC_WEAK = YES;
				CLANG_WARN_BLOCK_CAPTURE_AUTORELEASING = YES;
				CLANG_WARN_BOOL_CONVERSION = YES;
				CLANG_WARN_COMMA = YES;
				CLANG_WARN_CONSTANT_CONVERSION = YES;
				CLANG_WARN_DEPRECATED_OBJC_IMPLEMENTATIONS = YES;
				CLANG_WARN_DIRECT_OBJC_ISA_USAGE = YES_ERROR;
				CLANG_WARN_DOCUMENTATION_COMMENTS = YES;
				CLANG_WARN_EMPTY_BODY = YES;
				CLANG_WARN_ENUM_CONVERSION = YES;
				CLANG_WARN_INFINITE_RECURSION = YES;
				CLANG_WARN_INT_CONVERSION = YES;
				CLANG_WARN_NON_LITERAL_NULL_CONVERSION = YES;
				CLANG_WARN_OBJC_IMPLICIT_RETAIN_SELF = YES;
				CLANG_WARN_OBJC_LITERAL_CONVERSION = YES;
				CLANG_WARN_OBJC_ROOT_CLASS = YES_ERROR;
				CLANG_WARN_RANGE_LOOP_ANALYSIS = YES;
				CLANG_WARN_STRICT_PROTOTYPES = YES;
				CLANG_WARN_SUSPICIOUS_MOVE = YES;
				CLANG_WARN_UNGUARDED_AVAILABILITY = YES_AGGRESSIVE;
				CLANG_WARN_UNREACHABLE_CODE = YES;
				CLANG_WARN__DUPLICATE_METHOD_MATCH = YES;
				CODE_SIGN_IDENTITY = "iPhone Developer";
				COPY_PHASE_STRIP = NO;
				DEBUG_INFORMATION_FORMAT = "dwarf-with-dsym";
				ENABLE_NS_ASSERTIONS = NO;
				ENABLE_STRICT_OBJC_MSGSEND = YES;
				GCC_C_LANGUAGE_STANDARD = gnu11;
				GCC_NO_COMMON_BLOCKS = YES;
				GCC_WARN_64_TO_32_BIT_CONVERSION = YES;
				GCC_WARN_ABOUT_RETURN_TYPE = YES_ERROR;
				GCC_WARN_UNDECLARED_SELECTOR = YES;
				GCC_WARN_UNINITIALIZED_AUTOS = YES_AGGRESSIVE;
				GCC_WARN_UNUSED_FUNCTION = YES;
				GCC_WARN_UNUSED_VARIABLE = YES;
				IPHONEOS_DEPLOYMENT_TARGET = 11.2;
				MTL_ENABLE_DEBUG_INFO = NO;
				SDKROOT = iphoneos;
				SWIFT_COMPILATION_MODE = wholemodule;
				SWIFT_OPTIMIZATION_LEVEL = "-O";
				VALIDATE_PRODUCT = YES;
			};
			name = Release;
		};
		536BB11220E21E1A00BCEEF9 /* Debug */ = {
			isa = XCBuildConfiguration;
			baseConfigurationReference = 8DBABD496FD63BDAC0477B98 /* Pods-Tindog.debug.xcconfig */;
			buildSettings = {
				ASSETCATALOG_COMPILER_APPICON_NAME = AppIcon;
				CODE_SIGN_STYLE = Automatic;
				DEVELOPMENT_TEAM = H86KV5J4UN;
				INFOPLIST_FILE = Tindog/Info.plist;
				LD_RUNPATH_SEARCH_PATHS = (
					"$(inherited)",
					"@executable_path/Frameworks",
				);
				PRODUCT_BUNDLE_IDENTIFIER = com.paretsDesign.tindog.Tindog;
				PRODUCT_NAME = "$(TARGET_NAME)";
				SWIFT_VERSION = 4.2;
				TARGETED_DEVICE_FAMILY = 1;
			};
			name = Debug;
		};
		536BB11320E21E1A00BCEEF9 /* Release */ = {
			isa = XCBuildConfiguration;
			baseConfigurationReference = B7888A0D57C03039A25A3FDA /* Pods-Tindog.release.xcconfig */;
			buildSettings = {
				ASSETCATALOG_COMPILER_APPICON_NAME = AppIcon;
				CODE_SIGN_STYLE = Automatic;
				DEVELOPMENT_TEAM = H86KV5J4UN;
				INFOPLIST_FILE = Tindog/Info.plist;
				LD_RUNPATH_SEARCH_PATHS = (
					"$(inherited)",
					"@executable_path/Frameworks",
				);
				PRODUCT_BUNDLE_IDENTIFIER = com.paretsDesign.tindog.Tindog;
				PRODUCT_NAME = "$(TARGET_NAME)";
				SWIFT_VERSION = 4.2;
				TARGETED_DEVICE_FAMILY = 1;
			};
			name = Release;
		};
/* End XCBuildConfiguration section */

/* Begin XCConfigurationList section */
		536BB0FA20E21E1800BCEEF9 /* Build configuration list for PBXProject "Tindog" */ = {
			isa = XCConfigurationList;
			buildConfigurations = (
				536BB10F20E21E1A00BCEEF9 /* Debug */,
				536BB11020E21E1A00BCEEF9 /* Release */,
			);
			defaultConfigurationIsVisible = 0;
			defaultConfigurationName = Release;
		};
		536BB11120E21E1A00BCEEF9 /* Build configuration list for PBXNativeTarget "Tindog" */ = {
			isa = XCConfigurationList;
			buildConfigurations = (
				536BB11220E21E1A00BCEEF9 /* Debug */,
				536BB11320E21E1A00BCEEF9 /* Release */,
			);
			defaultConfigurationIsVisible = 0;
			defaultConfigurationName = Release;
		};
/* End XCConfigurationList section */
	};
	rootObject = 536BB0F720E21E1800BCEEF9 /* Project object */;
}
